
Microsoft Visual Studio Solution File, Format Version 12.00
# Visual Studio Version 16
VisualStudioVersion = 16.0.30717.126
MinimumVisualStudioVersion = 10.0.40219.1
Project("{FAE04EC0-301F-11D3-BF4B-00C04F79EFBC}") = "Secret Santa Lister", "Secret Santa Lister\Secret Santa Lister.csproj", "{2D964C5B-8CCA-4441-A1F5-0C6AE3364EBA}"
EndProject
Project("{FAE04EC0-301F-11D3-BF4B-00C04F79EFBC}") = "SecretSantaCore", "SecretSantaCore\SecretSantaCore.csproj", "{EA9BB092-001D-4252-91B5-7255556EEA15}"
EndProject
Global
	GlobalSection(SolutionConfigurationPlatforms) = preSolution
		Debug|Any CPU = Debug|Any CPU
		Release|Any CPU = Release|Any CPU
	EndGlobalSection
	GlobalSection(ProjectConfigurationPlatforms) = postSolution
		{2D964C5B-8CCA-4441-A1F5-0C6AE3364EBA}.Debug|Any CPU.ActiveCfg = Debug|Any CPU
		{2D964C5B-8CCA-4441-A1F5-0C6AE3364EBA}.Debug|Any CPU.Build.0 = Debug|Any CPU
		{2D964C5B-8CCA-4441-A1F5-0C6AE3364EBA}.Release|Any CPU.ActiveCfg = Release|Any CPU
		{2D964C5B-8CCA-4441-A1F5-0C6AE3364EBA}.Release|Any CPU.Build.0 = Release|Any CPU
		{EA9BB092-001D-4252-91B5-7255556EEA15}.Debug|Any CPU.ActiveCfg = Debug|Any CPU
		{EA9BB092-001D-4252-91B5-7255556EEA15}.Debug|Any CPU.Build.0 = Debug|Any CPU
		{EA9BB092-001D-4252-91B5-7255556EEA15}.Release|Any CPU.ActiveCfg = Release|Any CPU
		{EA9BB092-001D-4252-91B5-7255556EEA15}.Release|Any CPU.Build.0 = Release|Any CPU
	EndGlobalSection
	GlobalSection(SolutionProperties) = preSolution
		HideSolutionNode = FALSE
	EndGlobalSection
	GlobalSection(ExtensibilityGlobals) = postSolution
		SolutionGuid = {085D099D-3291-4556-BAD6-EE3B53135695}
	EndGlobalSection
EndGlobal
